
Microsoft Visual Studio Solution File, Format Version 12.00
# Visual Studio Version 17
VisualStudioVersion = 17.0.31903.59
MinimumVisualStudioVersion = 10.0.40219.1
Project("{9A19103F-16F7-4668-BE54-9A1E7A4F7556}") = "SimpleTrader.Domain", "SimpleTrader.Domain\SimpleTrader.Domain.csproj", "{130AF9DA-4494-484B-B3A3-27FA9CD5EF62}"
EndProject
Project("{9A19103F-16F7-4668-BE54-9A1E7A4F7556}") = "SimpleTrader.EntityFramework", "SimpleTrader.EntityFramework\SimpleTrader.EntityFramework.csproj", "{6BD2DF82-F355-4759-A874-6EA0A2934BAF}"
EndProject
Project("{9A19103F-16F7-4668-BE54-9A1E7A4F7556}") = "TestTemp", "TestTemp\TestTemp.csproj", "{7FE6EA6F-9A1D-4405-BD48-E5291FE3C573}"
EndProject
Project("{FAE04EC0-301F-11D3-BF4B-00C04F79EFBC}") = "SimpleTrader.WPF", "SimpleTrader.WPF\SimpleTrader.WPF.csproj", "{4DB61E60-E898-46D3-84A0-EF9250D8A2EC}"
EndProject
Global
	GlobalSection(SolutionConfigurationPlatforms) = preSolution
		Debug|Any CPU = Debug|Any CPU
		Release|Any CPU = Release|Any CPU
	EndGlobalSection
	GlobalSection(ProjectConfigurationPlatforms) = postSolution
		{130AF9DA-4494-484B-B3A3-27FA9CD5EF62}.Debug|Any CPU.ActiveCfg = Debug|Any CPU
		{130AF9DA-4494-484B-B3A3-27FA9CD5EF62}.Debug|Any CPU.Build.0 = Debug|Any CPU
		{130AF9DA-4494-484B-B3A3-27FA9CD5EF62}.Release|Any CPU.ActiveCfg = Release|Any CPU
		{130AF9DA-4494-484B-B3A3-27FA9CD5EF62}.Release|Any CPU.Build.0 = Release|Any CPU
		{6BD2DF82-F355-4759-A874-6EA0A2934BAF}.Debug|Any CPU.ActiveCfg = Debug|Any CPU
		{6BD2DF82-F355-4759-A874-6EA0A2934BAF}.Debug|Any CPU.Build.0 = Debug|Any CPU
		{6BD2DF82-F355-4759-A874-6EA0A2934BAF}.Release|Any CPU.ActiveCfg = Release|Any CPU
		{6BD2DF82-F355-4759-A874-6EA0A2934BAF}.Release|Any CPU.Build.0 = Release|Any CPU
		{7FE6EA6F-9A1D-4405-BD48-E5291FE3C573}.Debug|Any CPU.ActiveCfg = Debug|Any CPU
		{7FE6EA6F-9A1D-4405-BD48-E5291FE3C573}.Debug|Any CPU.Build.0 = Debug|Any CPU
		{7FE6EA6F-9A1D-4405-BD48-E5291FE3C573}.Release|Any CPU.ActiveCfg = Release|Any CPU
		{7FE6EA6F-9A1D-4405-BD48-E5291FE3C573}.Release|Any CPU.Build.0 = Release|Any CPU
		{4DB61E60-E898-46D3-84A0-EF9250D8A2EC}.Debug|Any CPU.ActiveCfg = Debug|Any CPU
		{4DB61E60-E898-46D3-84A0-EF9250D8A2EC}.Debug|Any CPU.Build.0 = Debug|Any CPU
		{4DB61E60-E898-46D3-84A0-EF9250D8A2EC}.Release|Any CPU.ActiveCfg = Release|Any CPU
		{4DB61E60-E898-46D3-84A0-EF9250D8A2EC}.Release|Any CPU.Build.0 = Release|Any CPU
	EndGlobalSection
	GlobalSection(SolutionProperties) = preSolution
		HideSolutionNode = FALSE
	EndGlobalSection
	GlobalSection(ExtensibilityGlobals) = postSolution
		SolutionGuid = {6F82BBF0-CFBB-4C79-8F06-EC4E644A957A}
	EndGlobalSection
EndGlobal
